# @generated by Move, please check-in and do not edit manually.

[move]
version = 3
manifest_digest = "9AE89D6905077F06AAEA75707AC8D5B0E9EC9BA834FEA7241A7882A7847CF82D"
deps_digest = "F9B494B64F0615AED0E98FC12A85B85ECD2BC5185C22D30E7F67786BB52E507C"
dependencies = [
  { id = "Bridge", name = "Bridge" },
  { id = "MoveStdlib", name = "MoveStdlib" },
  { id = "Sui", name = "Sui" },
  { id = "SuiSystem", name = "SuiSystem" },
]

[[move.package]]
id = "Bridge"
source = { git = "https://github.com/MystenLabs/sui.git", rev = "fbb68879cbd1", subdir = "crates/sui-framework/packages/bridge" }

dependencies = [
  { id = "MoveStdlib", name = "MoveStdlib" },
  { id = "Sui", name = "Sui" },
  { id = "SuiSystem", name = "SuiSystem" },
]

[[move.package]]
id = "MoveStdlib"
source = { git = "https://github.com/MystenLabs/sui.git", rev = "fbb68879cbd1", subdir = "crates/sui-framework/packages/move-stdlib" }

[[move.package]]
id = "Sui"
source = { git = "https://github.com/MystenLabs/sui.git", rev = "fbb68879cbd1", subdir = "crates/sui-framework/packages/sui-framework" }

dependencies = [
  { id = "MoveStdlib", name = "MoveStdlib" },
]

[[move.package]]
id = "SuiSystem"
source = { git = "https://github.com/MystenLabs/sui.git", rev = "fbb68879cbd1", subdir = "crates/sui-framework/packages/sui-system" }

dependencies = [
  { id = "MoveStdlib", name = "MoveStdlib" },
  { id = "Sui", name = "Sui" },
]

[move.toolchain-version]
compiler-version = "1.48.0"
edition = "2024.beta"
flavor = "sui"

[env]

[env.testnet]
chain-id = "4c78adac"
original-published-id = "0x9c142049e44dbfebeb0e75199ed6b81dcfb629fb4044b85d1711d0511e1c17ee"
latest-published-id = "0x2f58ae41aad7414aced8bd59a5d626135d5d747c8e7281009bb4141b995363cf"
published-version = "2"

[env.mainnet]
chain-id = "35834a8a"
original-published-id = "0x32c8ce857be1e93ebff6d6b460868ad450d7f18f0e2769c122c49d0f632e5f9b"
latest-published-id = "0xe6299b9f2e13f699aef87dea8171bc86025403064977d1e82e90793802c4d5e3"
published-version = "2"
